
Microsoft Visual Studio Solution File, Format Version 12.00
# Visual Studio Version 17
VisualStudioVersion = 17.0.31710.8
MinimumVisualStudioVersion = 10.0.40219.1
Project("{FAE04EC0-301F-11D3-BF4B-00C04F79EFBC}") = "Sample.WebApp", "Sample.WebApp\Sample.WebApp.csproj", "{0C780301-5C33-4D71-A31E-AC8AD0E5ECFD}"
EndProject
Global
	GlobalSection(SolutionConfigurationPlatforms) = preSolution
		Debug|Any CPU = Debug|Any CPU
		Release|Any CPU = Release|Any CPU
	EndGlobalSection
	GlobalSection(ProjectConfigurationPlatforms) = postSolution
		{0C780301-5C33-4D71-A31E-AC8AD0E5ECFD}.Debug|Any CPU.ActiveCfg = Debug|Any CPU
		{0C780301-5C33-4D71-A31E-AC8AD0E5ECFD}.Debug|Any CPU.Build.0 = Debug|Any CPU
		{0C780301-5C33-4D71-A31E-AC8AD0E5ECFD}.Release|Any CPU.ActiveCfg = Release|Any CPU
		{0C780301-5C33-4D71-A31E-AC8AD0E5ECFD}.Release|Any CPU.Build.0 = Release|Any CPU
	EndGlobalSection
	GlobalSection(SolutionProperties) = preSolution
		HideSolutionNode = FALSE
	EndGlobalSection
	GlobalSection(ExtensibilityGlobals) = postSolution
		SolutionGuid = {2EA49AC3-7573-4022-84A0-F896AAAC72B6}
	EndGlobalSection
EndGlobal
